
Microsoft Visual Studio Solution File, Format Version 12.00
# Visual Studio Version 16
VisualStudioVersion = 16.0.29519.87
MinimumVisualStudioVersion = 10.0.40219.1
Project("{FAE04EC0-301F-11D3-BF4B-00C04F79EFBC}") = "HTML_Viewer", "HTML_Viewer\HTML_Viewer.csproj", "{7EEA94BC-18A0-40F1-AE2E-4A2C13C903DA}"
EndProject
Global
	GlobalSection(SolutionConfigurationPlatforms) = preSolution
		Debug|Any CPU = Debug|Any CPU
		Release|Any CPU = Release|Any CPU
	EndGlobalSection
	GlobalSection(ProjectConfigurationPlatforms) = postSolution
		{7EEA94BC-18A0-40F1-AE2E-4A2C13C903DA}.Debug|Any CPU.ActiveCfg = Debug|Any CPU
		{7EEA94BC-18A0-40F1-AE2E-4A2C13C903DA}.Debug|Any CPU.Build.0 = Debug|Any CPU
		{7EEA94BC-18A0-40F1-AE2E-4A2C13C903DA}.Release|Any CPU.ActiveCfg = Release|Any CPU
		{7EEA94BC-18A0-40F1-AE2E-4A2C13C903DA}.Release|Any CPU.Build.0 = Release|Any CPU
	EndGlobalSection
	GlobalSection(SolutionProperties) = preSolution
		HideSolutionNode = FALSE
	EndGlobalSection
	GlobalSection(ExtensibilityGlobals) = postSolution
		SolutionGuid = {70F8B690-109B-48B9-8CF2-1AB12186E0FC}
	EndGlobalSection
EndGlobal
